
Microsoft Visual Studio Solution File, Format Version 12.00
# Visual Studio Version 17
VisualStudioVersion = 17.0.31903.59
MinimumVisualStudioVersion = 10.0.40219.1
Project("{9A19103F-16F7-4668-BE54-9A1E7A4F7556}") = "SportsStore", "SportsStore\SportsStore.csproj", "{30FD090D-144E-4880-A24D-CABCEE3391F1}"
EndProject
Project("{9A19103F-16F7-4668-BE54-9A1E7A4F7556}") = "SportsStore.Tests", "SportsStore.Tests\SportsStore.Tests.csproj", "{A424AE37-2460-4BF9-BF47-8CA6A243938B}"
EndProject
Global
	GlobalSection(SolutionConfigurationPlatforms) = preSolution
		Debug|Any CPU = Debug|Any CPU
		Release|Any CPU = Release|Any CPU
	EndGlobalSection
	GlobalSection(ProjectConfigurationPlatforms) = postSolution
		{30FD090D-144E-4880-A24D-CABCEE3391F1}.Debug|Any CPU.ActiveCfg = Debug|Any CPU
		{30FD090D-144E-4880-A24D-CABCEE3391F1}.Debug|Any CPU.Build.0 = Debug|Any CPU
		{30FD090D-144E-4880-A24D-CABCEE3391F1}.Release|Any CPU.ActiveCfg = Release|Any CPU
		{30FD090D-144E-4880-A24D-CABCEE3391F1}.Release|Any CPU.Build.0 = Release|Any CPU
		{A424AE37-2460-4BF9-BF47-8CA6A243938B}.Debug|Any CPU.ActiveCfg = Debug|Any CPU
		{A424AE37-2460-4BF9-BF47-8CA6A243938B}.Debug|Any CPU.Build.0 = Debug|Any CPU
		{A424AE37-2460-4BF9-BF47-8CA6A243938B}.Release|Any CPU.ActiveCfg = Release|Any CPU
		{A424AE37-2460-4BF9-BF47-8CA6A243938B}.Release|Any CPU.Build.0 = Release|Any CPU
	EndGlobalSection
	GlobalSection(SolutionProperties) = preSolution
		HideSolutionNode = FALSE
	EndGlobalSection
	GlobalSection(ExtensibilityGlobals) = postSolution
		SolutionGuid = {ED6F6873-7190-4E05-B904-E93CD3400724}
	EndGlobalSection
EndGlobal
